
Microsoft Visual Studio Solution File, Format Version 12.00
# Visual Studio Version 16
VisualStudioVersion = 16.0.31911.196
MinimumVisualStudioVersion = 10.0.40219.1
Project("{FAE04EC0-301F-11D3-BF4B-00C04F79EFBC}") = "ASPNet.OTS.v1", "ASPNet.OTS.v1.csproj", "{50F8AD74-C631-4693-8BB7-9BC1DA659E3C}"
EndProject
Project("{FAE04EC0-301F-11D3-BF4B-00C04F79EFBC}") = "ÖTS.v1", "..\Console.OTS.v1-main\ÖTS.v1\ÖTS.v1.csproj", "{7ABF552E-DD80-4485-B48C-EC9CCD191BD6}"
EndProject
Project("{FAE04EC0-301F-11D3-BF4B-00C04F79EFBC}") = "WFData", "..\WFData\WFData.csproj", "{AB997357-EF15-4AE6-96D5-5CB7B6110165}"
EndProject
Global
	GlobalSection(SolutionConfigurationPlatforms) = preSolution
		Debug|Any CPU = Debug|Any CPU
		Release|Any CPU = Release|Any CPU
	EndGlobalSection
	GlobalSection(ProjectConfigurationPlatforms) = postSolution
		{50F8AD74-C631-4693-8BB7-9BC1DA659E3C}.Debug|Any CPU.ActiveCfg = Debug|Any CPU
		{50F8AD74-C631-4693-8BB7-9BC1DA659E3C}.Debug|Any CPU.Build.0 = Debug|Any CPU
		{50F8AD74-C631-4693-8BB7-9BC1DA659E3C}.Release|Any CPU.ActiveCfg = Release|Any CPU
		{50F8AD74-C631-4693-8BB7-9BC1DA659E3C}.Release|Any CPU.Build.0 = Release|Any CPU
		{7ABF552E-DD80-4485-B48C-EC9CCD191BD6}.Debug|Any CPU.ActiveCfg = Debug|Any CPU
		{7ABF552E-DD80-4485-B48C-EC9CCD191BD6}.Debug|Any CPU.Build.0 = Debug|Any CPU
		{7ABF552E-DD80-4485-B48C-EC9CCD191BD6}.Release|Any CPU.ActiveCfg = Release|Any CPU
		{7ABF552E-DD80-4485-B48C-EC9CCD191BD6}.Release|Any CPU.Build.0 = Release|Any CPU
		{AB997357-EF15-4AE6-96D5-5CB7B6110165}.Debug|Any CPU.ActiveCfg = Debug|Any CPU
		{AB997357-EF15-4AE6-96D5-5CB7B6110165}.Debug|Any CPU.Build.0 = Debug|Any CPU
		{AB997357-EF15-4AE6-96D5-5CB7B6110165}.Release|Any CPU.ActiveCfg = Release|Any CPU
		{AB997357-EF15-4AE6-96D5-5CB7B6110165}.Release|Any CPU.Build.0 = Release|Any CPU
	EndGlobalSection
	GlobalSection(SolutionProperties) = preSolution
		HideSolutionNode = FALSE
	EndGlobalSection
	GlobalSection(ExtensibilityGlobals) = postSolution
		SolutionGuid = {7D0327F3-504C-4D7F-8470-3F984D5DB561}
	EndGlobalSection
EndGlobal
